
Microsoft Visual Studio Solution File, Format Version 12.00
# Visual Studio Version 17
VisualStudioVersion = 17.14.36616.10 d17.14
MinimumVisualStudioVersion = 10.0.40219.1
Project("{FAE04EC0-301F-11D3-BF4B-00C04F79EFBC}") = "bai3", "bai3\bai3.csproj", "{2FB8B978-958B-4253-9AEC-A00681CBADDA}"
EndProject
Global
	GlobalSection(SolutionConfigurationPlatforms) = preSolution
		Debug|Any CPU = Debug|Any CPU
		Release|Any CPU = Release|Any CPU
	EndGlobalSection
	GlobalSection(ProjectConfigurationPlatforms) = postSolution
		{2FB8B978-958B-4253-9AEC-A00681CBADDA}.Debug|Any CPU.ActiveCfg = Debug|Any CPU
		{2FB8B978-958B-4253-9AEC-A00681CBADDA}.Debug|Any CPU.Build.0 = Debug|Any CPU
		{2FB8B978-958B-4253-9AEC-A00681CBADDA}.Release|Any CPU.ActiveCfg = Release|Any CPU
		{2FB8B978-958B-4253-9AEC-A00681CBADDA}.Release|Any CPU.Build.0 = Release|Any CPU
	EndGlobalSection
	GlobalSection(SolutionProperties) = preSolution
		HideSolutionNode = FALSE
	EndGlobalSection
	GlobalSection(ExtensibilityGlobals) = postSolution
		SolutionGuid = {23459CFF-3C49-4976-BA7D-43816B77CFE2}
	EndGlobalSection
EndGlobal
