
Microsoft Visual Studio Solution File, Format Version 12.00
# Visual Studio Version 17
VisualStudioVersion = 17.14.36616.10 d17.14
MinimumVisualStudioVersion = 10.0.40219.1
Project("{FAE04EC0-301F-11D3-BF4B-00C04F79EFBC}") = "canhan", "canhan\canhan.csproj", "{C17F021E-99CD-4156-BD3E-E37D38E51626}"
EndProject
Project("{FAE04EC0-301F-11D3-BF4B-00C04F79EFBC}") = "canhanTests", "canhanTests\canhanTests.csproj", "{8AF16740-261D-4D68-A0E0-30710778BBD2}"
EndProject
Global
	GlobalSection(SolutionConfigurationPlatforms) = preSolution
		Debug|Any CPU = Debug|Any CPU
		Release|Any CPU = Release|Any CPU
	EndGlobalSection
	GlobalSection(ProjectConfigurationPlatforms) = postSolution
		{C17F021E-99CD-4156-BD3E-E37D38E51626}.Debug|Any CPU.ActiveCfg = Debug|Any CPU
		{C17F021E-99CD-4156-BD3E-E37D38E51626}.Debug|Any CPU.Build.0 = Debug|Any CPU
		{C17F021E-99CD-4156-BD3E-E37D38E51626}.Release|Any CPU.ActiveCfg = Release|Any CPU
		{C17F021E-99CD-4156-BD3E-E37D38E51626}.Release|Any CPU.Build.0 = Release|Any CPU
		{8AF16740-261D-4D68-A0E0-30710778BBD2}.Debug|Any CPU.ActiveCfg = Debug|Any CPU
		{8AF16740-261D-4D68-A0E0-30710778BBD2}.Debug|Any CPU.Build.0 = Debug|Any CPU
		{8AF16740-261D-4D68-A0E0-30710778BBD2}.Release|Any CPU.ActiveCfg = Release|Any CPU
		{8AF16740-261D-4D68-A0E0-30710778BBD2}.Release|Any CPU.Build.0 = Release|Any CPU
	EndGlobalSection
	GlobalSection(SolutionProperties) = preSolution
		HideSolutionNode = FALSE
	EndGlobalSection
	GlobalSection(ExtensibilityGlobals) = postSolution
		SolutionGuid = {97593E93-14F0-40BE-9AFC-9FDBFC1A528E}
	EndGlobalSection
EndGlobal
